
Microsoft Visual Studio Solution File, Format Version 12.00
# Visual Studio Version 17
VisualStudioVersion = 17.12.35527.113
MinimumVisualStudioVersion = 10.0.40219.1
Project("{FAE04EC0-301F-11D3-BF4B-00C04F79EFBC}") = "lawyerSystem.api", "lawyerSystem.api\lawyerSystem.api.csproj", "{7726EB2D-D73D-429D-B978-D95E2280766C}"
EndProject
Project("{2150E333-8FDC-42A3-9474-1A3956D46DE8}") = "Solution Items", "Solution Items", "{847C951C-E8C6-4AD8-AE30-346DB27EEB3A}"
	ProjectSection(SolutionItems) = preProject
		docker-compose.prod.yml = docker-compose.prod.yml
		docker-compose.yml = docker-compose.yml
	EndProjectSection
EndProject
Global
	GlobalSection(SolutionConfigurationPlatforms) = preSolution
		Debug|Any CPU = Debug|Any CPU
		Release|Any CPU = Release|Any CPU
	EndGlobalSection
	GlobalSection(ProjectConfigurationPlatforms) = postSolution
		{7726EB2D-D73D-429D-B978-D95E2280766C}.Debug|Any CPU.ActiveCfg = Debug|Any CPU
		{7726EB2D-D73D-429D-B978-D95E2280766C}.Debug|Any CPU.Build.0 = Debug|Any CPU
		{7726EB2D-D73D-429D-B978-D95E2280766C}.Release|Any CPU.ActiveCfg = Release|Any CPU
		{7726EB2D-D73D-429D-B978-D95E2280766C}.Release|Any CPU.Build.0 = Release|Any CPU
	EndGlobalSection
	GlobalSection(SolutionProperties) = preSolution
		HideSolutionNode = FALSE
	EndGlobalSection
EndGlobal
